{
    "name": "@epa-wg/custom-element",
    "version": "0.0.23",
    "lockfileVersion": 3,
    "requires": true,
    "packages": {
        "": {
            "name": "@epa-wg/custom-element",
            "version": "0.0.23",
            "license": "Apache-2.0",
            "funding": {
                "type": "patreon",
                "url": "https://www.patreon.com/sashafirsov"
            }
        }
    }
}
